
Microsoft Visual Studio Solution File, Format Version 12.00
# Visual Studio Version 16
VisualStudioVersion = 16.0.31702.278
MinimumVisualStudioVersion = 10.0.40219.1
Project("{FAE04EC0-301F-11D3-BF4B-00C04F79EFBC}") = "Manual Inspection", "Manual Inspection\Manual Inspection.csproj", "{F5D465B6-5843-45C4-B69F-6A5FFC553607}"
EndProject
Global
	GlobalSection(SolutionConfigurationPlatforms) = preSolution
		Debug|Any CPU = Debug|Any CPU
		Release|Any CPU = Release|Any CPU
	EndGlobalSection
	GlobalSection(ProjectConfigurationPlatforms) = postSolution
		{F5D465B6-5843-45C4-B69F-6A5FFC553607}.Debug|Any CPU.ActiveCfg = Debug|Any CPU
		{F5D465B6-5843-45C4-B69F-6A5FFC553607}.Debug|Any CPU.Build.0 = Debug|Any CPU
		{F5D465B6-5843-45C4-B69F-6A5FFC553607}.Release|Any CPU.ActiveCfg = Release|Any CPU
		{F5D465B6-5843-45C4-B69F-6A5FFC553607}.Release|Any CPU.Build.0 = Release|Any CPU
	EndGlobalSection
	GlobalSection(SolutionProperties) = preSolution
		HideSolutionNode = FALSE
	EndGlobalSection
	GlobalSection(ExtensibilityGlobals) = postSolution
		SolutionGuid = {4FE5FAE7-8EB1-4FCD-BACD-1FCC75956FEF}
	EndGlobalSection
EndGlobal
